{
  "name": "nodics.kickoff",
  "version": "0.0.1",
  "lockfileVersion": 3,
  "requires": true,
  "packages": {
    "": {
      "name": "nodics.kickoff",
      "version": "0.0.1",
      "dependencies": {
        "nodics.commerce": "file:.nodics/framework/nodics.commerce",
        "nodics.communication": "file:.nodics/framework/nodics.communication",
        "nodics.core": "file:.nodics/framework/nodics.core",
        "nodics.cron": "file:.nodics/framework/nodics.cron",
        "nodics.engagement": "file:.nodics/framework/nodics.engagement",
        "nodics.platform": "file:.nodics/framework/nodics.platform",
        "nodics.process": "file:.nodics/framework/nodics.process",
        "nodics.wcms": "file:.nodics/framework/nodics.wcms"
      }
    },
    ".nodics/framework/nodics.commerce": {
      "version": "0.0.1"
    },
    ".nodics/framework/nodics.communication": {
      "version": "0.0.1"
    },
    ".nodics/framework/nodics.core": {
      "version": "0.0.1",
      "engines": {
        "node": ">=22 <27",
        "npm": ">=10 <12"
      }
    },
    ".nodics/framework/nodics.cron": {
      "version": "0.0.1"
    },
    ".nodics/framework/nodics.engagement": {
      "version": "0.0.1",
      "license": "SEE LICENSE IN LICENSE"
    },
    ".nodics/framework/nodics.platform": {
      "version": "0.0.1"
    },
    ".nodics/framework/nodics.process": {
      "version": "0.0.1"
    },
    ".nodics/framework/nodics.wcms": {
      "version": "0.0.1"
    },
    "node_modules/nodics.commerce": {
      "resolved": ".nodics/framework/nodics.commerce",
      "link": true
    },
    "node_modules/nodics.communication": {
      "resolved": ".nodics/framework/nodics.communication",
      "link": true
    },
    "node_modules/nodics.core": {
      "resolved": ".nodics/framework/nodics.core",
      "link": true
    },
    "node_modules/nodics.cron": {
      "resolved": ".nodics/framework/nodics.cron",
      "link": true
    },
    "node_modules/nodics.engagement": {
      "resolved": ".nodics/framework/nodics.engagement",
      "link": true
    },
    "node_modules/nodics.platform": {
      "resolved": ".nodics/framework/nodics.platform",
      "link": true
    },
    "node_modules/nodics.process": {
      "resolved": ".nodics/framework/nodics.process",
      "link": true
    },
    "node_modules/nodics.wcms": {
      "resolved": ".nodics/framework/nodics.wcms",
      "link": true
    }
  }
}
